
Microsoft Visual Studio Solution File, Format Version 12.00
# Visual Studio Version 17
VisualStudioVersion = 17.14.36301.6 d17.14
MinimumVisualStudioVersion = 10.0.40219.1
Project("{FAE04EC0-301F-11D3-BF4B-00C04F79EFBC}") = "Topic 6 - Loops", "Topic 6 - Loops.csproj", "{BE3C40F0-0EAF-41E1-B810-1B1735EF206E}"
EndProject
Global
	GlobalSection(SolutionConfigurationPlatforms) = preSolution
		Debug|Any CPU = Debug|Any CPU
		Release|Any CPU = Release|Any CPU
	EndGlobalSection
	GlobalSection(ProjectConfigurationPlatforms) = postSolution
		{BE3C40F0-0EAF-41E1-B810-1B1735EF206E}.Debug|Any CPU.ActiveCfg = Debug|Any CPU
		{BE3C40F0-0EAF-41E1-B810-1B1735EF206E}.Debug|Any CPU.Build.0 = Debug|Any CPU
		{BE3C40F0-0EAF-41E1-B810-1B1735EF206E}.Release|Any CPU.ActiveCfg = Release|Any CPU
		{BE3C40F0-0EAF-41E1-B810-1B1735EF206E}.Release|Any CPU.Build.0 = Release|Any CPU
	EndGlobalSection
	GlobalSection(SolutionProperties) = preSolution
		HideSolutionNode = FALSE
	EndGlobalSection
	GlobalSection(ExtensibilityGlobals) = postSolution
		SolutionGuid = {CEAC84E8-DC62-41D2-81C8-CE49DE3EDFCD}
	EndGlobalSection
EndGlobal
